<?xml version="1.0" encoding="utf-8"?>
<Project ToolsVersion="4.0" xmlns="http://schemas.microsoft.com/developer/msbuild/2003">
  <ItemGroup>
    <Filter Include="Source Files">
      <UniqueIdentifier>{4FC737F1-C7A5-4376-A066-2A32D752A2FF}</UniqueIdentifier>
      <Extensions>cpp;c;cc;cxx;def;odl;idl;hpj;bat;asm;asmx</Extensions>
    </Filter>
    <Filter Include="Header Files">
      <UniqueIdentifier>{93995380-89BD-4b04-88EB-625FBE52EBFB}</UniqueIdentifier>
      <Extensions>h;hh;hpp;hxx;hm;inl;inc;xsd</Extensions>
    </Filter>
    <Filter Include="Resource Files">
      <UniqueIdentifier>{67DA6AB6-F800-4c08-8B7A-83BB121AAD01}</UniqueIdentifier>
      <Extensions>rc;ico;cur;bmp;dlg;rc2;rct;bin;rgs;gif;jpg;jpeg;jpe;resx;tiff;tif;png;wav;mfcribbon-ms</Extensions>
    </Filter>
    <Filter Include="Header Files\View">
      <UniqueIdentifier>{1783e929-17aa-4a1f-aba0-8a0f0c11f204}</UniqueIdentifier>
    </Filter>
    <Filter Include="Source Files\View">
      <UniqueIdentifier>{e183bf18-b636-4378-8e91-9032aa55fa5f}</UniqueIdentifier>
    </Filter>
  </ItemGroup>
  <ItemGroup>
    <ClCompile Include="..\View\GdiRenderer.cpp">
      <Filter>Source Files\View</Filter>
    </ClCompile>
    <ClCompile Include="..\View\MainWindow.cpp">
      <Filter>Source Files\View</Filter>
    </ClCompile>
    <ClCompile Include="..\View\View.cpp">
      <Filter>Source Files\View</Filter>
    </ClCompile>
    <ClCompile Include="..\View\Window.cpp">
      <Filter>Source Files\View</Filter>
    </ClCompile>
    <ClCompile Include="Application.cpp">
      <Filter>Source Files</Filter>
    </ClCompile>
    <ClCompile Include="ColorView.cpp">
      <Filter>Source Files</Filter>
    </ClCompile>
    <ClCompile Include="DepthView.cpp">
      <Filter>Source Files</Filter>
    </ClCompile>
    <ClCompile Include="UserPainter.cpp">
      <Filter>Source Files</Filter>
    </ClCompile>
    <ClCompile Include="..\View\Dialog.cpp">
      <Filter>Source Files\View</Filter>
    </ClCompile>
    <ClCompile Include="..\View\DialogItem.cpp">
      <Filter>Source Files\View</Filter>
    </ClCompile>
    <ClCompile Include="Panel.cpp">
      <Filter>Source Files</Filter>
    </ClCompile>
    <ClCompile Include="..\View\ComboBox.cpp">
      <Filter>Source Files\View</Filter>
    </ClCompile>
    <ClCompile Include="..\View\CheckBox.cpp">
      <Filter>Source Files\View</Filter>
    </ClCompile>
    <ClCompile Include="..\View\StatusBar.cpp">
      <Filter>Source Files\View</Filter>
    </ClCompile>
  </ItemGroup>
  <ItemGroup>
    <ClInclude Include="..\View\GdiRenderer.h">
      <Filter>Header Files\View</Filter>
    </ClInclude>
    <ClInclude Include="..\View\MainWindow.h">
      <Filter>Header Files\View</Filter>
    </ClInclude>
    <ClInclude Include="..\View\View.h">
      <Filter>Header Files\View</Filter>
    </ClInclude>
    <ClInclude Include="..\View\Window.h">
      <Filter>Header Files\View</Filter>
    </ClInclude>
    <ClInclude Include="Application.h">
      <Filter>Header Files</Filter>
    </ClInclude>
    <ClInclude Include="ColorView.h">
      <Filter>Header Files</Filter>
    </ClInclude>
    <ClInclude Include="DepthView.h">
      <Filter>Header Files</Filter>
    </ClInclude>
    <ClInclude Include="UserPainter.h">
      <Filter>Header Files</Filter>
    </ClInclude>
    <ClInclude Include="resource.h">
      <Filter>Header Files</Filter>
    </ClInclude>
    <ClInclude Include="..\View\Dialog.h">
      <Filter>Header Files\View</Filter>
    </ClInclude>
    <ClInclude Include="..\View\DialogItem.h">
      <Filter>Header Files\View</Filter>
    </ClInclude>
    <ClInclude Include="Panel.h">
      <Filter>Header Files</Filter>
    </ClInclude>
    <ClInclude Include="..\View\ComboBox.h">
      <Filter>Header Files\View</Filter>
    </ClInclude>
    <ClInclude Include="..\View\CheckBox.h">
      <Filter>Header Files\View</Filter>
    </ClInclude>
    <ClInclude Include="..\View\StatusBar.h">
      <Filter>Header Files\View</Filter>
    </ClInclude>
  </ItemGroup>
  <ItemGroup>
    <ResourceCompile Include="TopsensExplorer.rc">
      <Filter>Resource Files</Filter>
    </ResourceCompile>
  </ItemGroup>
  <ItemGroup>
    <Image Include="Topsens.ico">
      <Filter>Resource Files</Filter>
    </Image>
  </ItemGroup>
</Project>